
Microsoft Visual Studio Solution File, Format Version 12.00
# Visual Studio Version 16
VisualStudioVersion = 16.0.30225.117
MinimumVisualStudioVersion = 10.0.40219.1
Project("{FAE04EC0-301F-11D3-BF4B-00C04F79EFBC}") = "OgrenciNotMVCProjesi", "OgrenciNotMVCProjesi\OgrenciNotMVCProjesi.csproj", "{E16E6AD4-3CEA-4168-A074-75D20723E4F4}"
EndProject
Global
	GlobalSection(SolutionConfigurationPlatforms) = preSolution
		Debug|Any CPU = Debug|Any CPU
		Release|Any CPU = Release|Any CPU
	EndGlobalSection
	GlobalSection(ProjectConfigurationPlatforms) = postSolution
		{E16E6AD4-3CEA-4168-A074-75D20723E4F4}.Debug|Any CPU.ActiveCfg = Debug|Any CPU
		{E16E6AD4-3CEA-4168-A074-75D20723E4F4}.Debug|Any CPU.Build.0 = Debug|Any CPU
		{E16E6AD4-3CEA-4168-A074-75D20723E4F4}.Release|Any CPU.ActiveCfg = Release|Any CPU
		{E16E6AD4-3CEA-4168-A074-75D20723E4F4}.Release|Any CPU.Build.0 = Release|Any CPU
	EndGlobalSection
	GlobalSection(SolutionProperties) = preSolution
		HideSolutionNode = FALSE
	EndGlobalSection
	GlobalSection(ExtensibilityGlobals) = postSolution
		SolutionGuid = {9E498103-DADB-45A5-B79E-E569F056188C}
	EndGlobalSection
EndGlobal
